PODS:
  - GoogleMaps (2.6.0):
    - GoogleMaps/Maps (= 2.6.0)
  - GoogleMaps/Base (2.6.0)
  - GoogleMaps/Maps (2.6.0):
    - GoogleMaps/Base
  - GooglePlaces (2.6.0):
    - GoogleMaps/Base (= 2.6.0)
  - IBAnimatable (5.0.0)
  - LNRSimpleNotifications (0.8.0)
  - NVActivityIndicatorView (4.1.1):
    - NVActivityIndicatorView/Presenter (= 4.1.1)
  - NVActivityIndicatorView/Presenter (4.1.1)

DEPENDENCIES:
  - GoogleMaps
  - GooglePlaces
  - IBAnimatable
  - LNRSimpleNotifications
  - NVActivityIndicatorView

SPEC REPOS:
  https://github.com/CocoaPods/Specs.git:
    - GoogleMaps
    - GooglePlaces
    - IBAnimatable
    - LNRSimpleNotifications
    - NVActivityIndicatorView

SPEC CHECKSUMS:
  GoogleMaps: 42f91c68b7fa2f84d5c86597b18ceb99f5414c7f
  GooglePlaces: f6ddf33b75cef69e888907d9947c57198ed845f3
  IBAnimatable: aa2286a9cf8fb4ae2e1be85c5287ae56143b024f
  LNRSimpleNotifications: ef042f804fea0ab9ac49692af6755f71db31b5e0
  NVActivityIndicatorView: 60109b9bf46efc2e71ab81453196ccdfdfeea870

PODFILE CHECKSUM: dcbe186bc804a17a54b05c5f80fc063b144fbf80

COCOAPODS: 1.5.0
