// !$*UTF8*$!
{
	archiveVersion = 1;
	classes = {
	};
	objectVersion = 46;
	objects = {

/* Begin PBXBuildFile section */
		5651B2602077FFA3005D1CB1 /* AppDelegate.swift in Sources */ = {isa = PBXBuildFile; fileRef = 5651B25F2077FFA3005D1CB1 /* AppDelegate.swift */; };
		5651B2622077FFA3005D1CB1 /* HomePageClass.swift in Sources */ = {isa = PBXBuildFile; fileRef = 5651B2612077FFA3005D1CB1 /* HomePageClass.swift */; };
		5651B2652077FFA3005D1CB1 /* Main.storyboard in Resources */ = {isa = PBXBuildFile; fileRef = 5651B2632077FFA3005D1CB1 /* Main.storyboard */; };
		5651B2672077FFA3005D1CB1 /* Assets.xcassets in Resources */ = {isa = PBXBuildFile; fileRef = 5651B2662077FFA3005D1CB1 /* Assets.xcassets */; };
		5651B26A2077FFA3005D1CB1 /* LaunchScreen.storyboard in Resources */ = {isa = PBXBuildFile; fileRef = 5651B2682077FFA3005D1CB1 /* LaunchScreen.storyboard */; };
		5651B2752077FFA4005D1CB1 /* RootTests.swift in Sources */ = {isa = PBXBuildFile; fileRef = 5651B2742077FFA4005D1CB1 /* RootTests.swift */; };
		5651B2802077FFA4005D1CB1 /* RootUITests.swift in Sources */ = {isa = PBXBuildFile; fileRef = 5651B27F2077FFA4005D1CB1 /* RootUITests.swift */; };
		5661A214207826A30099B865 /* FeedUIView.swift in Sources */ = {isa = PBXBuildFile; fileRef = 5661A213207826A30099B865 /* FeedUIView.swift */; };
		5661A21620782A1E0099B865 /* Login_Handler.swift in Sources */ = {isa = PBXBuildFile; fileRef = 5661A21520782A1E0099B865 /* Login_Handler.swift */; };
		568A24A7207821E700D90F08 /* ChameleonFramework.framework in Frameworks */ = {isa = PBXBuildFile; fileRef = 568A2490207821E700D90F08 /* ChameleonFramework.framework */; };
		568A24A8207821E700D90F08 /* ClusterKit.framework in Frameworks */ = {isa = PBXBuildFile; fileRef = 568A2491207821E700D90F08 /* ClusterKit.framework */; };
		568A24A9207821E700D90F08 /* Form.framework in Frameworks */ = {isa = PBXBuildFile; fileRef = 568A2492207821E700D90F08 /* Form.framework */; };
		568A24AA207821E700D90F08 /* HYP8601.framework in Frameworks */ = {isa = PBXBuildFile; fileRef = 568A2493207821E700D90F08 /* HYP8601.framework */; };
		568A24AB207821E700D90F08 /* HYPMathParser.framework in Frameworks */ = {isa = PBXBuildFile; fileRef = 568A2494207821E700D90F08 /* HYPMathParser.framework */; };
		568A24AC207821E700D90F08 /* HYPNorwegianAccountNumber.framework in Frameworks */ = {isa = PBXBuildFile; fileRef = 568A2495207821E700D90F08 /* HYPNorwegianAccountNumber.framework */; };
		568A24AD207821E700D90F08 /* HYPNorwegianSSN.framework in Frameworks */ = {isa = PBXBuildFile; fileRef = 568A2496207821E700D90F08 /* HYPNorwegianSSN.framework */; };
		568A24AE207821E700D90F08 /* IBAnimatable.framework in Frameworks */ = {isa = PBXBuildFile; fileRef = 568A2497207821E700D90F08 /* IBAnimatable.framework */; };
		568A24AF207821E700D90F08 /* LNRSimpleNotifications.framework in Frameworks */ = {isa = PBXBuildFile; fileRef = 568A2498207821E700D90F08 /* LNRSimpleNotifications.framework */; };
		568A24B0207821E700D90F08 /* NSDictionary_ANDYSafeValue.framework in Frameworks */ = {isa = PBXBuildFile; fileRef = 568A2499207821E700D90F08 /* NSDictionary_ANDYSafeValue.framework */; };
		568A24B1207821E700D90F08 /* NSDictionary_HYPNestedAttributes.framework in Frameworks */ = {isa = PBXBuildFile; fileRef = 568A249A207821E700D90F08 /* NSDictionary_HYPNestedAttributes.framework */; };
		568A24B2207821E700D90F08 /* NSJSONSerialization_ANDYJSONFile.framework in Frameworks */ = {isa = PBXBuildFile; fileRef = 568A249B207821E700D90F08 /* NSJSONSerialization_ANDYJSONFile.framework */; };
		568A24B3207821E700D90F08 /* NSObject_HYPTesting.framework in Frameworks */ = {isa = PBXBuildFile; fileRef = 568A249C207821E700D90F08 /* NSObject_HYPTesting.framework */; };
		568A24B4207821E700D90F08 /* NSString_HYPContainsString.framework in Frameworks */ = {isa = PBXBuildFile; fileRef = 568A249D207821E700D90F08 /* NSString_HYPContainsString.framework */; };
		568A24B5207821E700D90F08 /* NSString_HYPFormula.framework in Frameworks */ = {isa = PBXBuildFile; fileRef = 568A249E207821E700D90F08 /* NSString_HYPFormula.framework */; };
		568A24B6207821E700D90F08 /* NSString_HYPRelationshipParser.framework in Frameworks */ = {isa = PBXBuildFile; fileRef = 568A249F207821E700D90F08 /* NSString_HYPRelationshipParser.framework */; };
		568A24B7207821E700D90F08 /* NSString_HYPWordExtractor.framework in Frameworks */ = {isa = PBXBuildFile; fileRef = 568A24A0207821E700D90F08 /* NSString_HYPWordExtractor.framework */; };
		568A24B8207821E700D90F08 /* NSString_ZENInflections.framework in Frameworks */ = {isa = PBXBuildFile; fileRef = 568A24A1207821E700D90F08 /* NSString_ZENInflections.framework */; };
		568A24B9207821E700D90F08 /* NVActivityIndicatorView.framework in Frameworks */ = {isa = PBXBuildFile; fileRef = 568A24A2207821E700D90F08 /* NVActivityIndicatorView.framework */; };
		568A24BA207821E700D90F08 /* Pods_RootTests.framework in Frameworks */ = {isa = PBXBuildFile; fileRef = 568A24A3207821E700D90F08 /* Pods_RootTests.framework */; };
		568A24BB207821E700D90F08 /* Pods_RootUITests.framework in Frameworks */ = {isa = PBXBuildFile; fileRef = 568A24A4207821E700D90F08 /* Pods_RootUITests.framework */; };
		568A24BC207821E700D90F08 /* SwiftyJSON.framework in Frameworks */ = {isa = PBXBuildFile; fileRef = 568A24A5207821E700D90F08 /* SwiftyJSON.framework */; };
		568A24BD207821E700D90F08 /* UIViewController_HYPKeyboardToolbar.framework in Frameworks */ = {isa = PBXBuildFile; fileRef = 568A24A6207821E700D90F08 /* UIViewController_HYPKeyboardToolbar.framework */; };
		56AAE49C20781D9C0049CA6A /* Inventory_Management.swift in Sources */ = {isa = PBXBuildFile; fileRef = 56AAE49B20781D9C0049CA6A /* Inventory_Management.swift */; };
		56AAE49E20781E260049CA6A /* Map_Query.swift in Sources */ = {isa = PBXBuildFile; fileRef = 56AAE49D20781E260049CA6A /* Map_Query.swift */; };
		AF3628BE49EAF5B280AF14C1 /* Pods_Root.framework in Frameworks */ = {isa = PBXBuildFile; fileRef = 1B1285DD54B0C4EF0DC79E02 /* Pods_Root.framework */; };
/* End PBXBuildFile section */

/* Begin PBXContainerItemProxy section */
		5651B2712077FFA4005D1CB1 /* PBXContainerItemProxy */ = {
			isa = PBXContainerItemProxy;
			containerPortal = 5651B2542077FFA2005D1CB1 /* Project object */;
			proxyType = 1;
			remoteGlobalIDString = 5651B25B2077FFA2005D1CB1;
			remoteInfo = Root;
		};
		5651B27C2077FFA4005D1CB1 /* PBXContainerItemProxy */ = {
			isa = PBXContainerItemProxy;
			containerPortal = 5651B2542077FFA2005D1CB1 /* Project object */;
			proxyType = 1;
			remoteGlobalIDString = 5651B25B2077FFA2005D1CB1;
			remoteInfo = Root;
		};
/* End PBXContainerItemProxy section */

/* Begin PBXFileReference section */
		1B1285DD54B0C4EF0DC79E02 /* Pods_Root.framework */ = {isa = PBXFileReference; explicitFileType = wrapper.framework; includeInIndex = 0; path = Pods_Root.framework; sourceTree = BUILT_PRODUCTS_DIR; };
		29A4CEE3BFC3BFE498A80F54 /* Pods_RootUITests.framework */ = {isa = PBXFileReference; explicitFileType = wrapper.framework; includeInIndex = 0; path = Pods_RootUITests.framework; sourceTree = BUILT_PRODUCTS_DIR; };
		5651B25C2077FFA3005D1CB1 /* Root.app */ = {isa = PBXFileReference; explicitFileType = wrapper.application; includeInIndex = 0; path = Root.app; sourceTree = BUILT_PRODUCTS_DIR; };
		5651B25F2077FFA3005D1CB1 /* AppDelegate.swift */ = {isa = PBXFileReference; lastKnownFileType = sourcecode.swift; path = AppDelegate.swift; sourceTree = "<group>"; };
		5651B2612077FFA3005D1CB1 /* HomePageClass.swift */ = {isa = PBXFileReference; lastKnownFileType = sourcecode.swift; path = HomePageClass.swift; sourceTree = "<group>"; };
		5651B2642077FFA3005D1CB1 /* Base */ = {isa = PBXFileReference; lastKnownFileType = file.storyboard; name = Base; path = Base.lproj/Main.storyboard; sourceTree = "<group>"; };
		5651B2662077FFA3005D1CB1 /* Assets.xcassets */ = {isa = PBXFileReference; lastKnownFileType = folder.assetcatalog; path = Assets.xcassets; sourceTree = "<group>"; };
		5651B2692077FFA3005D1CB1 /* Base */ = {isa = PBXFileReference; lastKnownFileType = file.storyboard; name = Base; path = Base.lproj/LaunchScreen.storyboard; sourceTree = "<group>"; };
		5651B26B2077FFA3005D1CB1 /* Info.plist */ = {isa = PBXFileReference; lastKnownFileType = text.plist.xml; path = Info.plist; sourceTree = "<group>"; };
		5651B2702077FFA4005D1CB1 /* RootTests.xctest */ = {isa = PBXFileReference; explicitFileType = wrapper.cfbundle; includeInIndex = 0; path = RootTests.xctest; sourceTree = BUILT_PRODUCTS_DIR; };
		5651B2742077FFA4005D1CB1 /* RootTests.swift */ = {isa = PBXFileReference; lastKnownFileType = sourcecode.swift; path = RootTests.swift; sourceTree = "<group>"; };
		5651B2762077FFA4005D1CB1 /* Info.plist */ = {isa = PBXFileReference; lastKnownFileType = text.plist.xml; path = Info.plist; sourceTree = "<group>"; };
		5651B27B2077FFA4005D1CB1 /* RootUITests.xctest */ = {isa = PBXFileReference; explicitFileType = wrapper.cfbundle; includeInIndex = 0; path = RootUITests.xctest; sourceTree = BUILT_PRODUCTS_DIR; };
		5651B27F2077FFA4005D1CB1 /* RootUITests.swift */ = {isa = PBXFileReference; lastKnownFileType = sourcecode.swift; path = RootUITests.swift; sourceTree = "<group>"; };
		5651B2812077FFA4005D1CB1 /* Info.plist */ = {isa = PBXFileReference; lastKnownFileType = text.plist.xml; path = Info.plist; sourceTree = "<group>"; };
		5661A213207826A30099B865 /* FeedUIView.swift */ = {isa = PBXFileReference; fileEncoding = 4; lastKnownFileType = sourcecode.swift; path = FeedUIView.swift; sourceTree = "<group>"; };
		5661A21520782A1E0099B865 /* Login_Handler.swift */ = {isa = PBXFileReference; fileEncoding = 4; lastKnownFileType = sourcecode.swift; path = Login_Handler.swift; sourceTree = "<group>"; };
		568A2490207821E700D90F08 /* ChameleonFramework.framework */ = {isa = PBXFileReference; lastKnownFileType = wrapper.framework; name = ChameleonFramework.framework; path = "Pods/../build/Debug-iphoneos/ChameleonFramework/ChameleonFramework.framework"; sourceTree = "<group>"; };
		568A2491207821E700D90F08 /* ClusterKit.framework */ = {isa = PBXFileReference; lastKnownFileType = wrapper.framework; name = ClusterKit.framework; path = "Pods/../build/Debug-iphoneos/ClusterKit/ClusterKit.framework"; sourceTree = "<group>"; };
		568A2492207821E700D90F08 /* Form.framework */ = {isa = PBXFileReference; lastKnownFileType = wrapper.framework; name = Form.framework; path = "Pods/../build/Debug-iphoneos/Form/Form.framework"; sourceTree = "<group>"; };
		568A2493207821E700D90F08 /* HYP8601.framework */ = {isa = PBXFileReference; lastKnownFileType = wrapper.framework; name = HYP8601.framework; path = "Pods/../build/Debug-iphoneos/HYP8601/HYP8601.framework"; sourceTree = "<group>"; };
		568A2494207821E700D90F08 /* HYPMathParser.framework */ = {isa = PBXFileReference; lastKnownFileType = wrapper.framework; name = HYPMathParser.framework; path = "Pods/../build/Debug-iphoneos/HYPMathParser/HYPMathParser.framework"; sourceTree = "<group>"; };
		568A2495207821E700D90F08 /* HYPNorwegianAccountNumber.framework */ = {isa = PBXFileReference; lastKnownFileType = wrapper.framework; name = HYPNorwegianAccountNumber.framework; path = "Pods/../build/Debug-iphoneos/HYPNorwegianAccountNumber/HYPNorwegianAccountNumber.framework"; sourceTree = "<group>"; };
		568A2496207821E700D90F08 /* HYPNorwegianSSN.framework */ = {isa = PBXFileReference; lastKnownFileType = wrapper.framework; name = HYPNorwegianSSN.framework; path = "Pods/../build/Debug-iphoneos/HYPNorwegianSSN/HYPNorwegianSSN.framework"; sourceTree = "<group>"; };
		568A2497207821E700D90F08 /* IBAnimatable.framework */ = {isa = PBXFileReference; lastKnownFileType = wrapper.framework; name = IBAnimatable.framework; path = "Pods/../build/Debug-iphoneos/IBAnimatable/IBAnimatable.framework"; sourceTree = "<group>"; };
		568A2498207821E700D90F08 /* LNRSimpleNotifications.framework */ = {isa = PBXFileReference; lastKnownFileType = wrapper.framework; name = LNRSimpleNotifications.framework; path = "Pods/../build/Debug-iphoneos/LNRSimpleNotifications/LNRSimpleNotifications.framework"; sourceTree = "<group>"; };
		568A2499207821E700D90F08 /* NSDictionary_ANDYSafeValue.framework */ = {isa = PBXFileReference; lastKnownFileType = wrapper.framework; name = NSDictionary_ANDYSafeValue.framework; path = "Pods/../build/Debug-iphoneos/NSDictionary-ANDYSafeValue/NSDictionary_ANDYSafeValue.framework"; sourceTree = "<group>"; };
		568A249A207821E700D90F08 /* NSDictionary_HYPNestedAttributes.framework */ = {isa = PBXFileReference; lastKnownFileType = wrapper.framework; name = NSDictionary_HYPNestedAttributes.framework; path = "Pods/../build/Debug-iphoneos/NSDictionary-HYPNestedAttributes/NSDictionary_HYPNestedAttributes.framework"; sourceTree = "<group>"; };
		568A249B207821E700D90F08 /* NSJSONSerialization_ANDYJSONFile.framework */ = {isa = PBXFileReference; lastKnownFileType = wrapper.framework; name = NSJSONSerialization_ANDYJSONFile.framework; path = "Pods/../build/Debug-iphoneos/NSJSONSerialization-ANDYJSONFile/NSJSONSerialization_ANDYJSONFile.framework"; sourceTree = "<group>"; };
		568A249C207821E700D90F08 /* NSObject_HYPTesting.framework */ = {isa = PBXFileReference; lastKnownFileType = wrapper.framework; name = NSObject_HYPTesting.framework; path = "Pods/../build/Debug-iphoneos/NSObject-HYPTesting/NSObject_HYPTesting.framework"; sourceTree = "<group>"; };
		568A249D207821E700D90F08 /* NSString_HYPContainsString.framework */ = {isa = PBXFileReference; lastKnownFileType = wrapper.framework; name = NSString_HYPContainsString.framework; path = "Pods/../build/Debug-iphoneos/NSString-HYPContainsString/NSString_HYPContainsString.framework"; sourceTree = "<group>"; };
		568A249E207821E700D90F08 /* NSString_HYPFormula.framework */ = {isa = PBXFileReference; lastKnownFileType = wrapper.framework; name = NSString_HYPFormula.framework; path = "Pods/../build/Debug-iphoneos/NSString-HYPFormula/NSString_HYPFormula.framework"; sourceTree = "<group>"; };
		568A249F207821E700D90F08 /* NSString_HYPRelationshipParser.framework */ = {isa = PBXFileReference; lastKnownFileType = wrapper.framework; name = NSString_HYPRelationshipParser.framework; path = "Pods/../build/Debug-iphoneos/NSString-HYPRelationshipParser/NSString_HYPRelationshipParser.framework"; sourceTree = "<group>"; };
		568A24A0207821E700D90F08 /* NSString_HYPWordExtractor.framework */ = {isa = PBXFileReference; lastKnownFileType = wrapper.framework; name = NSString_HYPWordExtractor.framework; path = "Pods/../build/Debug-iphoneos/NSString-HYPWordExtractor/NSString_HYPWordExtractor.framework"; sourceTree = "<group>"; };
		568A24A1207821E700D90F08 /* NSString_ZENInflections.framework */ = {isa = PBXFileReference; lastKnownFileType = wrapper.framework; name = NSString_ZENInflections.framework; path = "Pods/../build/Debug-iphoneos/NSString-ZENInflections/NSString_ZENInflections.framework"; sourceTree = "<group>"; };
		568A24A2207821E700D90F08 /* NVActivityIndicatorView.framework */ = {isa = PBXFileReference; lastKnownFileType = wrapper.framework; name = NVActivityIndicatorView.framework; path = "Pods/../build/Debug-iphoneos/NVActivityIndicatorView/NVActivityIndicatorView.framework"; sourceTree = "<group>"; };
		568A24A3207821E700D90F08 /* Pods_RootTests.framework */ = {isa = PBXFileReference; lastKnownFileType = wrapper.framework; name = Pods_RootTests.framework; path = "Pods/../build/Debug-iphoneos/Pods_RootTests.framework"; sourceTree = "<group>"; };
		568A24A4207821E700D90F08 /* Pods_RootUITests.framework */ = {isa = PBXFileReference; lastKnownFileType = wrapper.framework; name = Pods_RootUITests.framework; path = "Pods/../build/Debug-iphoneos/Pods_RootUITests.framework"; sourceTree = "<group>"; };
		568A24A5207821E700D90F08 /* SwiftyJSON.framework */ = {isa = PBXFileReference; lastKnownFileType = wrapper.framework; name = SwiftyJSON.framework; path = "Pods/../build/Debug-iphoneos/SwiftyJSON/SwiftyJSON.framework"; sourceTree = "<group>"; };
		568A24A6207821E700D90F08 /* UIViewController_HYPKeyboardToolbar.framework */ = {isa = PBXFileReference; lastKnownFileType = wrapper.framework; name = UIViewController_HYPKeyboardToolbar.framework; path = "Pods/../build/Debug-iphoneos/UIViewController-HYPKeyboardToolbar/UIViewController_HYPKeyboardToolbar.framework"; sourceTree = "<group>"; };
		56AAE49B20781D9C0049CA6A /* Inventory_Management.swift */ = {isa = PBXFileReference; fileEncoding = 4; lastKnownFileType = sourcecode.swift; path = Inventory_Management.swift; sourceTree = "<group>"; };
		56AAE49D20781E260049CA6A /* Map_Query.swift */ = {isa = PBXFileReference; fileEncoding = 4; lastKnownFileType = sourcecode.swift; path = Map_Query.swift; sourceTree = "<group>"; };
		7022C2553E62E2CD8B7A9986 /* Pods-Root.debug.xcconfig */ = {isa = PBXFileReference; includeInIndex = 1; lastKnownFileType = text.xcconfig; name = "Pods-Root.debug.xcconfig"; path = "Pods/Target Support Files/Pods-Root/Pods-Root.debug.xcconfig"; sourceTree = "<group>"; };
		96144E29426F14A73A83A735 /* Pods_RootTests.framework */ = {isa = PBXFileReference; explicitFileType = wrapper.framework; includeInIndex = 0; path = Pods_RootTests.framework; sourceTree = BUILT_PRODUCTS_DIR; };
		E9C31ED20A3C86D888018EB4 /* Pods-Root.release.xcconfig */ = {isa = PBXFileReference; includeInIndex = 1; lastKnownFileType = text.xcconfig; name = "Pods-Root.release.xcconfig"; path = "Pods/Target Support Files/Pods-Root/Pods-Root.release.xcconfig"; sourceTree = "<group>"; };
/* End PBXFileReference section */

/* Begin PBXFrameworksBuildPhase section */
		5651B2592077FFA2005D1CB1 /* Frameworks */ = {
			isa = PBXFrameworksBuildPhase;
			buildActionMask = 2147483647;
			files = (
				568A24A7207821E700D90F08 /* ChameleonFramework.framework in Frameworks */,
				568A24A8207821E700D90F08 /* ClusterKit.framework in Frameworks */,
				568A24A9207821E700D90F08 /* Form.framework in Frameworks */,
				568A24AA207821E700D90F08 /* HYP8601.framework in Frameworks */,
				568A24AB207821E700D90F08 /* HYPMathParser.framework in Frameworks */,
				568A24AC207821E700D90F08 /* HYPNorwegianAccountNumber.framework in Frameworks */,
				568A24AD207821E700D90F08 /* HYPNorwegianSSN.framework in Frameworks */,
				568A24AE207821E700D90F08 /* IBAnimatable.framework in Frameworks */,
				568A24AF207821E700D90F08 /* LNRSimpleNotifications.framework in Frameworks */,
				568A24B0207821E700D90F08 /* NSDictionary_ANDYSafeValue.framework in Frameworks */,
				568A24B1207821E700D90F08 /* NSDictionary_HYPNestedAttributes.framework in Frameworks */,
				568A24B2207821E700D90F08 /* NSJSONSerialization_ANDYJSONFile.framework in Frameworks */,
				568A24B3207821E700D90F08 /* NSObject_HYPTesting.framework in Frameworks */,
				568A24B4207821E700D90F08 /* NSString_HYPContainsString.framework in Frameworks */,
				568A24B5207821E700D90F08 /* NSString_HYPFormula.framework in Frameworks */,
				568A24B6207821E700D90F08 /* NSString_HYPRelationshipParser.framework in Frameworks */,
				568A24B7207821E700D90F08 /* NSString_HYPWordExtractor.framework in Frameworks */,
				568A24B8207821E700D90F08 /* NSString_ZENInflections.framework in Frameworks */,
				568A24B9207821E700D90F08 /* NVActivityIndicatorView.framework in Frameworks */,
				568A24BA207821E700D90F08 /* Pods_RootTests.framework in Frameworks */,
				568A24BB207821E700D90F08 /* Pods_RootUITests.framework in Frameworks */,
				568A24BC207821E700D90F08 /* SwiftyJSON.framework in Frameworks */,
				568A24BD207821E700D90F08 /* UIViewController_HYPKeyboardToolbar.framework in Frameworks */,
				AF3628BE49EAF5B280AF14C1 /* Pods_Root.framework in Frameworks */,
			);
			runOnlyForDeploymentPostprocessing = 0;
		};
		5651B26D2077FFA4005D1CB1 /* Frameworks */ = {
			isa = PBXFrameworksBuildPhase;
			buildActionMask = 2147483647;
			files = (
			);
			runOnlyForDeploymentPostprocessing = 0;
		};
		5651B2782077FFA4005D1CB1 /* Frameworks */ = {
			isa = PBXFrameworksBuildPhase;
			buildActionMask = 2147483647;
			files = (
			);
			runOnlyForDeploymentPostprocessing = 0;
		};
/* End PBXFrameworksBuildPhase section */

/* Begin PBXGroup section */
		5651B2532077FFA2005D1CB1 = {
			isa = PBXGroup;
			children = (
				5651B25E2077FFA3005D1CB1 /* Root */,
				5651B2732077FFA4005D1CB1 /* RootTests */,
				5651B27E2077FFA4005D1CB1 /* RootUITests */,
				5651B25D2077FFA3005D1CB1 /* Products */,
				70B3A3F39114500E1BECE9D1 /* Pods */,
				F6F58CFBC33969D4F0750204 /* Frameworks */,
			);
			sourceTree = "<group>";
		};
		5651B25D2077FFA3005D1CB1 /* Products */ = {
			isa = PBXGroup;
			children = (
				5651B25C2077FFA3005D1CB1 /* Root.app */,
				5651B2702077FFA4005D1CB1 /* RootTests.xctest */,
				5651B27B2077FFA4005D1CB1 /* RootUITests.xctest */,
			);
			name = Products;
			sourceTree = "<group>";
		};
		5651B25E2077FFA3005D1CB1 /* Root */ = {
			isa = PBXGroup;
			children = (
				5651B25F2077FFA3005D1CB1 /* AppDelegate.swift */,
				5651B2612077FFA3005D1CB1 /* HomePageClass.swift */,
				5651B2632077FFA3005D1CB1 /* Main.storyboard */,
				5661A21520782A1E0099B865 /* Login_Handler.swift */,
				5661A213207826A30099B865 /* FeedUIView.swift */,
				56AAE49B20781D9C0049CA6A /* Inventory_Management.swift */,
				56AAE49D20781E260049CA6A /* Map_Query.swift */,
				5651B2662077FFA3005D1CB1 /* Assets.xcassets */,
				5651B2682077FFA3005D1CB1 /* LaunchScreen.storyboard */,
				5651B26B2077FFA3005D1CB1 /* Info.plist */,
			);
			path = Root;
			sourceTree = "<group>";
		};
		5651B2732077FFA4005D1CB1 /* RootTests */ = {
			isa = PBXGroup;
			children = (
				5651B2742077FFA4005D1CB1 /* RootTests.swift */,
				5651B2762077FFA4005D1CB1 /* Info.plist */,
			);
			path = RootTests;
			sourceTree = "<group>";
		};
		5651B27E2077FFA4005D1CB1 /* RootUITests */ = {
			isa = PBXGroup;
			children = (
				5651B27F2077FFA4005D1CB1 /* RootUITests.swift */,
				5651B2812077FFA4005D1CB1 /* Info.plist */,
			);
			path = RootUITests;
			sourceTree = "<group>";
		};
		70B3A3F39114500E1BECE9D1 /* Pods */ = {
			isa = PBXGroup;
			children = (
				7022C2553E62E2CD8B7A9986 /* Pods-Root.debug.xcconfig */,
				E9C31ED20A3C86D888018EB4 /* Pods-Root.release.xcconfig */,
			);
			name = Pods;
			sourceTree = "<group>";
		};
		F6F58CFBC33969D4F0750204 /* Frameworks */ = {
			isa = PBXGroup;
			children = (
				568A2490207821E700D90F08 /* ChameleonFramework.framework */,
				568A2491207821E700D90F08 /* ClusterKit.framework */,
				568A2492207821E700D90F08 /* Form.framework */,
				568A2493207821E700D90F08 /* HYP8601.framework */,
				568A2494207821E700D90F08 /* HYPMathParser.framework */,
				568A2495207821E700D90F08 /* HYPNorwegianAccountNumber.framework */,
				568A2496207821E700D90F08 /* HYPNorwegianSSN.framework */,
				568A2497207821E700D90F08 /* IBAnimatable.framework */,
				568A2498207821E700D90F08 /* LNRSimpleNotifications.framework */,
				568A2499207821E700D90F08 /* NSDictionary_ANDYSafeValue.framework */,
				568A249A207821E700D90F08 /* NSDictionary_HYPNestedAttributes.framework */,
				568A249B207821E700D90F08 /* NSJSONSerialization_ANDYJSONFile.framework */,
				568A249C207821E700D90F08 /* NSObject_HYPTesting.framework */,
				568A249D207821E700D90F08 /* NSString_HYPContainsString.framework */,
				568A249E207821E700D90F08 /* NSString_HYPFormula.framework */,
				568A249F207821E700D90F08 /* NSString_HYPRelationshipParser.framework */,
				568A24A0207821E700D90F08 /* NSString_HYPWordExtractor.framework */,
				568A24A1207821E700D90F08 /* NSString_ZENInflections.framework */,
				568A24A2207821E700D90F08 /* NVActivityIndicatorView.framework */,
				568A24A3207821E700D90F08 /* Pods_RootTests.framework */,
				568A24A4207821E700D90F08 /* Pods_RootUITests.framework */,
				568A24A5207821E700D90F08 /* SwiftyJSON.framework */,
				568A24A6207821E700D90F08 /* UIViewController_HYPKeyboardToolbar.framework */,
				1B1285DD54B0C4EF0DC79E02 /* Pods_Root.framework */,
				96144E29426F14A73A83A735 /* Pods_RootTests.framework */,
				29A4CEE3BFC3BFE498A80F54 /* Pods_RootUITests.framework */,
			);
			name = Frameworks;
			sourceTree = "<group>";
		};
/* End PBXGroup section */

/* Begin PBXNativeTarget section */
		5651B25B2077FFA2005D1CB1 /* Root */ = {
			isa = PBXNativeTarget;
			buildConfigurationList = 5651B2842077FFA4005D1CB1 /* Build configuration list for PBXNativeTarget "Root" */;
			buildPhases = (
				8C8717334B1A85727F58B6FF /* [CP] Check Pods Manifest.lock */,
				5651B2582077FFA2005D1CB1 /* Sources */,
				5651B2592077FFA2005D1CB1 /* Frameworks */,
				5651B25A2077FFA2005D1CB1 /* Resources */,
				3ECE76E90E08BCA3E5D67B0F /* [CP] Embed Pods Frameworks */,
				FF68CFDB6F157E15B52A82D6 /* [CP] Copy Pods Resources */,
			);
			buildRules = (
			);
			dependencies = (
			);
			name = Root;
			productName = Root;
			productReference = 5651B25C2077FFA3005D1CB1 /* Root.app */;
			productType = "com.apple.product-type.application";
		};
		5651B26F2077FFA4005D1CB1 /* RootTests */ = {
			isa = PBXNativeTarget;
			buildConfigurationList = 5651B2872077FFA4005D1CB1 /* Build configuration list for PBXNativeTarget "RootTests" */;
			buildPhases = (
				5651B26C2077FFA4005D1CB1 /* Sources */,
				5651B26D2077FFA4005D1CB1 /* Frameworks */,
				5651B26E2077FFA4005D1CB1 /* Resources */,
			);
			buildRules = (
			);
			dependencies = (
				5651B2722077FFA4005D1CB1 /* PBXTargetDependency */,
			);
			name = RootTests;
			productName = RootTests;
			productReference = 5651B2702077FFA4005D1CB1 /* RootTests.xctest */;
			productType = "com.apple.product-type.bundle.unit-test";
		};
		5651B27A2077FFA4005D1CB1 /* RootUITests */ = {
			isa = PBXNativeTarget;
			buildConfigurationList = 5651B28A2077FFA4005D1CB1 /* Build configuration list for PBXNativeTarget "RootUITests" */;
			buildPhases = (
				5651B2772077FFA4005D1CB1 /* Sources */,
				5651B2782077FFA4005D1CB1 /* Frameworks */,
				5651B2792077FFA4005D1CB1 /* Resources */,
			);
			buildRules = (
			);
			dependencies = (
				5651B27D2077FFA4005D1CB1 /* PBXTargetDependency */,
			);
			name = RootUITests;
			productName = RootUITests;
			productReference = 5651B27B2077FFA4005D1CB1 /* RootUITests.xctest */;
			productType = "com.apple.product-type.bundle.ui-testing";
		};
/* End PBXNativeTarget section */

/* Begin PBXProject section */
		5651B2542077FFA2005D1CB1 /* Project object */ = {
			isa = PBXProject;
			attributes = {
				LastSwiftUpdateCheck = 0820;
				LastUpgradeCheck = 0820;
				ORGANIZATIONNAME = therootproject;
				TargetAttributes = {
					5651B25B2077FFA2005D1CB1 = {
						CreatedOnToolsVersion = 8.2.1;
						DevelopmentTeam = 4ZZP22A3W8;
						ProvisioningStyle = Automatic;
					};
					5651B26F2077FFA4005D1CB1 = {
						CreatedOnToolsVersion = 8.2.1;
						DevelopmentTeam = 4ZZP22A3W8;
						ProvisioningStyle = Automatic;
						TestTargetID = 5651B25B2077FFA2005D1CB1;
					};
					5651B27A2077FFA4005D1CB1 = {
						CreatedOnToolsVersion = 8.2.1;
						DevelopmentTeam = 4ZZP22A3W8;
						ProvisioningStyle = Automatic;
						TestTargetID = 5651B25B2077FFA2005D1CB1;
					};
				};
			};
			buildConfigurationList = 5651B2572077FFA2005D1CB1 /* Build configuration list for PBXProject "Root" */;
			compatibilityVersion = "Xcode 3.2";
			developmentRegion = English;
			hasScannedForEncodings = 0;
			knownRegions = (
				en,
				Base,
			);
			mainGroup = 5651B2532077FFA2005D1CB1;
			productRefGroup = 5651B25D2077FFA3005D1CB1 /* Products */;
			projectDirPath = "";
			projectRoot = "";
			targets = (
				5651B25B2077FFA2005D1CB1 /* Root */,
				5651B26F2077FFA4005D1CB1 /* RootTests */,
				5651B27A2077FFA4005D1CB1 /* RootUITests */,
			);
		};
/* End PBXProject section */

/* Begin PBXResourcesBuildPhase section */
		5651B25A2077FFA2005D1CB1 /* Resources */ = {
			isa = PBXResourcesBuildPhase;
			buildActionMask = 2147483647;
			files = (
				5651B26A2077FFA3005D1CB1 /* LaunchScreen.storyboard in Resources */,
				5651B2672077FFA3005D1CB1 /* Assets.xcassets in Resources */,
				5651B2652077FFA3005D1CB1 /* Main.storyboard in Resources */,
			);
			runOnlyForDeploymentPostprocessing = 0;
		};
		5651B26E2077FFA4005D1CB1 /* Resources */ = {
			isa = PBXResourcesBuildPhase;
			buildActionMask = 2147483647;
			files = (
			);
			runOnlyForDeploymentPostprocessing = 0;
		};
		5651B2792077FFA4005D1CB1 /* Resources */ = {
			isa = PBXResourcesBuildPhase;
			buildActionMask = 2147483647;
			files = (
			);
			runOnlyForDeploymentPostprocessing = 0;
		};
/* End PBXResourcesBuildPhase section */

/* Begin PBXShellScriptBuildPhase section */
		3ECE76E90E08BCA3E5D67B0F /* [CP] Embed Pods Frameworks */ = {
			isa = PBXShellScriptBuildPhase;
			buildActionMask = 2147483647;
			files = (
			);
			inputPaths = (
				"${SRCROOT}/Pods/Target Support Files/Pods-Root/Pods-Root-frameworks.sh",
				"${BUILT_PRODUCTS_DIR}/ChameleonFramework/ChameleonFramework.framework",
				"${BUILT_PRODUCTS_DIR}/ClusterKit/ClusterKit.framework",
				"${BUILT_PRODUCTS_DIR}/Form/Form.framework",
				"${BUILT_PRODUCTS_DIR}/HYP8601/HYP8601.framework",
				"${BUILT_PRODUCTS_DIR}/HYPMathParser/HYPMathParser.framework",
				"${BUILT_PRODUCTS_DIR}/HYPNorwegianAccountNumber/HYPNorwegianAccountNumber.framework",
				"${BUILT_PRODUCTS_DIR}/HYPNorwegianSSN/HYPNorwegianSSN.framework",
				"${BUILT_PRODUCTS_DIR}/IBAnimatable/IBAnimatable.framework",
				"${BUILT_PRODUCTS_DIR}/LNRSimpleNotifications/LNRSimpleNotifications.framework",
				"${BUILT_PRODUCTS_DIR}/NSDictionary-ANDYSafeValue/NSDictionary_ANDYSafeValue.framework",
				"${BUILT_PRODUCTS_DIR}/NSDictionary-HYPNestedAttributes/NSDictionary_HYPNestedAttributes.framework",
				"${BUILT_PRODUCTS_DIR}/NSJSONSerialization-ANDYJSONFile/NSJSONSerialization_ANDYJSONFile.framework",
				"${BUILT_PRODUCTS_DIR}/NSObject-HYPTesting/NSObject_HYPTesting.framework",
				"${BUILT_PRODUCTS_DIR}/NSString-HYPContainsString/NSString_HYPContainsString.framework",
				"${BUILT_PRODUCTS_DIR}/NSString-HYPFormula/NSString_HYPFormula.framework",
				"${BUILT_PRODUCTS_DIR}/NSString-HYPRelationshipParser/NSString_HYPRelationshipParser.framework",
				"${BUILT_PRODUCTS_DIR}/NSString-HYPWordExtractor/NSString_HYPWordExtractor.framework",
				"${BUILT_PRODUCTS_DIR}/NSString-ZENInflections/NSString_ZENInflections.framework",
				"${BUILT_PRODUCTS_DIR}/NVActivityIndicatorView/NVActivityIndicatorView.framework",
				"${BUILT_PRODUCTS_DIR}/SwiftyJSON/SwiftyJSON.framework",
				"${BUILT_PRODUCTS_DIR}/UIViewController-HYPKeyboardToolbar/UIViewController_HYPKeyboardToolbar.framework",
			);
			name = "[CP] Embed Pods Frameworks";
			outputPaths = (
				"${TARGET_BUILD_DIR}/${FRAMEWORKS_FOLDER_PATH}/ChameleonFramework.framework",
				"${TARGET_BUILD_DIR}/${FRAMEWORKS_FOLDER_PATH}/ClusterKit.framework",
				"${TARGET_BUILD_DIR}/${FRAMEWORKS_FOLDER_PATH}/Form.framework",
				"${TARGET_BUILD_DIR}/${FRAMEWORKS_FOLDER_PATH}/HYP8601.framework",
				"${TARGET_BUILD_DIR}/${FRAMEWORKS_FOLDER_PATH}/HYPMathParser.framework",
				"${TARGET_BUILD_DIR}/${FRAMEWORKS_FOLDER_PATH}/HYPNorwegianAccountNumber.framework",
				"${TARGET_BUILD_DIR}/${FRAMEWORKS_FOLDER_PATH}/HYPNorwegianSSN.framework",
				"${TARGET_BUILD_DIR}/${FRAMEWORKS_FOLDER_PATH}/IBAnimatable.framework",
				"${TARGET_BUILD_DIR}/${FRAMEWORKS_FOLDER_PATH}/LNRSimpleNotifications.framework",
				"${TARGET_BUILD_DIR}/${FRAMEWORKS_FOLDER_PATH}/NSDictionary_ANDYSafeValue.framework",
				"${TARGET_BUILD_DIR}/${FRAMEWORKS_FOLDER_PATH}/NSDictionary_HYPNestedAttributes.framework",
				"${TARGET_BUILD_DIR}/${FRAMEWORKS_FOLDER_PATH}/NSJSONSerialization_ANDYJSONFile.framework",
				"${TARGET_BUILD_DIR}/${FRAMEWORKS_FOLDER_PATH}/NSObject_HYPTesting.framework",
				"${TARGET_BUILD_DIR}/${FRAMEWORKS_FOLDER_PATH}/NSString_HYPContainsString.framework",
				"${TARGET_BUILD_DIR}/${FRAMEWORKS_FOLDER_PATH}/NSString_HYPFormula.framework",
				"${TARGET_BUILD_DIR}/${FRAMEWORKS_FOLDER_PATH}/NSString_HYPRelationshipParser.framework",
				"${TARGET_BUILD_DIR}/${FRAMEWORKS_FOLDER_PATH}/NSString_HYPWordExtractor.framework",
				"${TARGET_BUILD_DIR}/${FRAMEWORKS_FOLDER_PATH}/NSString_ZENInflections.framework",
				"${TARGET_BUILD_DIR}/${FRAMEWORKS_FOLDER_PATH}/NVActivityIndicatorView.framework",
				"${TARGET_BUILD_DIR}/${FRAMEWORKS_FOLDER_PATH}/SwiftyJSON.framework",
				"${TARGET_BUILD_DIR}/${FRAMEWORKS_FOLDER_PATH}/UIViewController_HYPKeyboardToolbar.framework",
			);
			runOnlyForDeploymentPostprocessing = 0;
			shellPath = /bin/sh;
			shellScript = "\"${SRCROOT}/Pods/Target Support Files/Pods-Root/Pods-Root-frameworks.sh\"\n";
			showEnvVarsInLog = 0;
		};
		8C8717334B1A85727F58B6FF /* [CP] Check Pods Manifest.lock */ = {
			isa = PBXShellScriptBuildPhase;
			buildActionMask = 2147483647;
			files = (
			);
			inputPaths = (
				"${PODS_PODFILE_DIR_PATH}/Podfile.lock",
				"${PODS_ROOT}/Manifest.lock",
			);
			name = "[CP] Check Pods Manifest.lock";
			outputPaths = (
				"$(DERIVED_FILE_DIR)/Pods-Root-checkManifestLockResult.txt",
			);
			runOnlyForDeploymentPostprocessing = 0;
			shellPath = /bin/sh;
			shellScript = "diff \"${PODS_PODFILE_DIR_PATH}/Podfile.lock\" \"${PODS_ROOT}/Manifest.lock\" > /dev/null\nif [ $? != 0 ] ; then\n    # print error to STDERR\n    echo \"error: The sandbox is not in sync with the Podfile.lock. Run 'pod install' or update your CocoaPods installation.\" >&2\n    exit 1\nfi\n# This output is used by Xcode 'outputs' to avoid re-running this script phase.\necho \"SUCCESS\" > \"${SCRIPT_OUTPUT_FILE_0}\"\n";
			showEnvVarsInLog = 0;
		};
		FF68CFDB6F157E15B52A82D6 /* [CP] Copy Pods Resources */ = {
			isa = PBXShellScriptBuildPhase;
			buildActionMask = 2147483647;
			files = (
			);
			inputPaths = (
				"${SRCROOT}/Pods/Target Support Files/Pods-Root/Pods-Root-resources.sh",
				"${PODS_ROOT}/GoogleMaps/Maps/Frameworks/GoogleMaps.framework/Resources/GoogleMaps.bundle",
				"${PODS_ROOT}/GooglePlaces/Frameworks/GooglePlaces.framework/Resources/GooglePlaces.bundle",
			);
			name = "[CP] Copy Pods Resources";
			outputPaths = (
				"${TARGET_BUILD_DIR}/${UNLOCALIZED_RESOURCES_FOLDER_PATH}/GoogleMaps.bundle",
				"${TARGET_BUILD_DIR}/${UNLOCALIZED_RESOURCES_FOLDER_PATH}/GooglePlaces.bundle",
			);
			runOnlyForDeploymentPostprocessing = 0;
			shellPath = /bin/sh;
			shellScript = "\"${SRCROOT}/Pods/Target Support Files/Pods-Root/Pods-Root-resources.sh\"\n";
			showEnvVarsInLog = 0;
		};
/* End PBXShellScriptBuildPhase section */

/* Begin PBXSourcesBuildPhase section */
		5651B2582077FFA2005D1CB1 /* Sources */ = {
			isa = PBXSourcesBuildPhase;
			buildActionMask = 2147483647;
			files = (
				5661A214207826A30099B865 /* FeedUIView.swift in Sources */,
				5651B2622077FFA3005D1CB1 /* HomePageClass.swift in Sources */,
				5661A21620782A1E0099B865 /* Login_Handler.swift in Sources */,
				56AAE49E20781E260049CA6A /* Map_Query.swift in Sources */,
				56AAE49C20781D9C0049CA6A /* Inventory_Management.swift in Sources */,
				5651B2602077FFA3005D1CB1 /* AppDelegate.swift in Sources */,
			);
			runOnlyForDeploymentPostprocessing = 0;
		};
		5651B26C2077FFA4005D1CB1 /* Sources */ = {
			isa = PBXSourcesBuildPhase;
			buildActionMask = 2147483647;
			files = (
				5651B2752077FFA4005D1CB1 /* RootTests.swift in Sources */,
			);
			runOnlyForDeploymentPostprocessing = 0;
		};
		5651B2772077FFA4005D1CB1 /* Sources */ = {
			isa = PBXSourcesBuildPhase;
			buildActionMask = 2147483647;
			files = (
				5651B2802077FFA4005D1CB1 /* RootUITests.swift in Sources */,
			);
			runOnlyForDeploymentPostprocessing = 0;
		};
/* End PBXSourcesBuildPhase section */

/* Begin PBXTargetDependency section */
		5651B2722077FFA4005D1CB1 /* PBXTargetDependency */ = {
			isa = PBXTargetDependency;
			target = 5651B25B2077FFA2005D1CB1 /* Root */;
			targetProxy = 5651B2712077FFA4005D1CB1 /* PBXContainerItemProxy */;
		};
		5651B27D2077FFA4005D1CB1 /* PBXTargetDependency */ = {
			isa = PBXTargetDependency;
			target = 5651B25B2077FFA2005D1CB1 /* Root */;
			targetProxy = 5651B27C2077FFA4005D1CB1 /* PBXContainerItemProxy */;
		};
/* End PBXTargetDependency section */

/* Begin PBXVariantGroup section */
		5651B2632077FFA3005D1CB1 /* Main.storyboard */ = {
			isa = PBXVariantGroup;
			children = (
				5651B2642077FFA3005D1CB1 /* Base */,
			);
			name = Main.storyboard;
			sourceTree = "<group>";
		};
		5651B2682077FFA3005D1CB1 /* LaunchScreen.storyboard */ = {
			isa = PBXVariantGroup;
			children = (
				5651B2692077FFA3005D1CB1 /* Base */,
			);
			name = LaunchScreen.storyboard;
			sourceTree = "<group>";
		};
/* End PBXVariantGroup section */

/* Begin XCBuildConfiguration section */
		5651B2822077FFA4005D1CB1 /* Debug */ = {
			isa = XCBuildConfiguration;
			buildSettings = {
				ALWAYS_SEARCH_USER_PATHS = NO;
				CLANG_ANALYZER_NONNULL = YES;
				CLANG_CXX_LANGUAGE_STANDARD = "gnu++0x";
				CLANG_CXX_LIBRARY = "libc++";
				CLANG_ENABLE_MODULES = YES;
				CLANG_ENABLE_OBJC_ARC = YES;
				CLANG_WARN_BOOL_CONVERSION = YES;
				CLANG_WARN_CONSTANT_CONVERSION = YES;
				CLANG_WARN_DIRECT_OBJC_ISA_USAGE = YES_ERROR;
				CLANG_WARN_DOCUMENTATION_COMMENTS = YES;
				CLANG_WARN_EMPTY_BODY = YES;
				CLANG_WARN_ENUM_CONVERSION = YES;
				CLANG_WARN_INFINITE_RECURSION = YES;
				CLANG_WARN_INT_CONVERSION = YES;
				CLANG_WARN_OBJC_ROOT_CLASS = YES_ERROR;
				CLANG_WARN_SUSPICIOUS_MOVE = YES;
				CLANG_WARN_UNREACHABLE_CODE = YES;
				CLANG_WARN__DUPLICATE_METHOD_MATCH = YES;
				"CODE_SIGN_IDENTITY[sdk=iphoneos*]" = "iPhone Developer";
				COPY_PHASE_STRIP = NO;
				DEBUG_INFORMATION_FORMAT = dwarf;
				ENABLE_STRICT_OBJC_MSGSEND = YES;
				ENABLE_TESTABILITY = YES;
				GCC_C_LANGUAGE_STANDARD = gnu99;
				GCC_DYNAMIC_NO_PIC = NO;
				GCC_NO_COMMON_BLOCKS = YES;
				GCC_OPTIMIZATION_LEVEL = 0;
				GCC_PREPROCESSOR_DEFINITIONS = (
					"DEBUG=1",
					"$(inherited)",
				);
				GCC_WARN_64_TO_32_BIT_CONVERSION = YES;
				GCC_WARN_ABOUT_RETURN_TYPE = YES_ERROR;
				GCC_WARN_UNDECLARED_SELECTOR = YES;
				GCC_WARN_UNINITIALIZED_AUTOS = YES_AGGRESSIVE;
				GCC_WARN_UNUSED_FUNCTION = YES;
				GCC_WARN_UNUSED_VARIABLE = YES;
				IPHONEOS_DEPLOYMENT_TARGET = 10.2;
				MTL_ENABLE_DEBUG_INFO = YES;
				ONLY_ACTIVE_ARCH = YES;
				SDKROOT = iphoneos;
				SWIFT_ACTIVE_COMPILATION_CONDITIONS = DEBUG;
				SWIFT_OPTIMIZATION_LEVEL = "-Onone";
				TARGETED_DEVICE_FAMILY = "1,2";
			};
			name = Debug;
		};
		5651B2832077FFA4005D1CB1 /* Release */ = {
			isa = XCBuildConfiguration;
			buildSettings = {
				ALWAYS_SEARCH_USER_PATHS = NO;
				CLANG_ANALYZER_NONNULL = YES;
				CLANG_CXX_LANGUAGE_STANDARD = "gnu++0x";
				CLANG_CXX_LIBRARY = "libc++";
				CLANG_ENABLE_MODULES = YES;
				CLANG_ENABLE_OBJC_ARC = YES;
				CLANG_WARN_BOOL_CONVERSION = YES;
				CLANG_WARN_CONSTANT_CONVERSION = YES;
				CLANG_WARN_DIRECT_OBJC_ISA_USAGE = YES_ERROR;
				CLANG_WARN_DOCUMENTATION_COMMENTS = YES;
				CLANG_WARN_EMPTY_BODY = YES;
				CLANG_WARN_ENUM_CONVERSION = YES;
				CLANG_WARN_INFINITE_RECURSION = YES;
				CLANG_WARN_INT_CONVERSION = YES;
				CLANG_WARN_OBJC_ROOT_CLASS = YES_ERROR;
				CLANG_WARN_SUSPICIOUS_MOVE = YES;
				CLANG_WARN_UNREACHABLE_CODE = YES;
				CLANG_WARN__DUPLICATE_METHOD_MATCH = YES;
				"CODE_SIGN_IDENTITY[sdk=iphoneos*]" = "iPhone Developer";
				COPY_PHASE_STRIP = NO;
				DEBUG_INFORMATION_FORMAT = "dwarf-with-dsym";
				ENABLE_NS_ASSERTIONS = NO;
				ENABLE_STRICT_OBJC_MSGSEND = YES;
				GCC_C_LANGUAGE_STANDARD = gnu99;
				GCC_NO_COMMON_BLOCKS = YES;
				GCC_WARN_64_TO_32_BIT_CONVERSION = YES;
				GCC_WARN_ABOUT_RETURN_TYPE = YES_ERROR;
				GCC_WARN_UNDECLARED_SELECTOR = YES;
				GCC_WARN_UNINITIALIZED_AUTOS = YES_AGGRESSIVE;
				GCC_WARN_UNUSED_FUNCTION = YES;
				GCC_WARN_UNUSED_VARIABLE = YES;
				IPHONEOS_DEPLOYMENT_TARGET = 10.2;
				MTL_ENABLE_DEBUG_INFO = NO;
				SDKROOT = iphoneos;
				SWIFT_OPTIMIZATION_LEVEL = "-Owholemodule";
				TARGETED_DEVICE_FAMILY = "1,2";
				VALIDATE_PRODUCT = YES;
			};
			name = Release;
		};
		5651B2852077FFA4005D1CB1 /* Debug */ = {
			isa = XCBuildConfiguration;
			baseConfigurationReference = 7022C2553E62E2CD8B7A9986 /* Pods-Root.debug.xcconfig */;
			buildSettings = {
				ASSETCATALOG_COMPILER_APPICON_NAME = AppIcon;
				DEVELOPMENT_TEAM = 4ZZP22A3W8;
				FRAMEWORK_SEARCH_PATHS = (
					"$(inherited)",
					"$(PROJECT_DIR)/build/Debug-iphoneos/ChameleonFramework",
					"$(PROJECT_DIR)/build/Debug-iphoneos/ClusterKit",
					"$(PROJECT_DIR)/build/Debug-iphoneos/Form",
					"$(PROJECT_DIR)/build/Debug-iphoneos/HYP8601",
					"$(PROJECT_DIR)/build/Debug-iphoneos/HYPMathParser",
					"$(PROJECT_DIR)/build/Debug-iphoneos/HYPNorwegianAccountNumber",
					"$(PROJECT_DIR)/build/Debug-iphoneos/HYPNorwegianSSN",
					"$(PROJECT_DIR)/build/Debug-iphoneos/IBAnimatable",
					"$(PROJECT_DIR)/build/Debug-iphoneos/LNRSimpleNotifications",
					"$(PROJECT_DIR)/build/Debug-iphoneos/NSDictionary-ANDYSafeValue",
					"$(PROJECT_DIR)/build/Debug-iphoneos/NSDictionary-HYPNestedAttributes",
					"$(PROJECT_DIR)/build/Debug-iphoneos/NSJSONSerialization-ANDYJSONFile",
					"$(PROJECT_DIR)/build/Debug-iphoneos/NSObject-HYPTesting",
					"$(PROJECT_DIR)/build/Debug-iphoneos/NSString-HYPContainsString",
					"$(PROJECT_DIR)/build/Debug-iphoneos/NSString-HYPFormula",
					"$(PROJECT_DIR)/build/Debug-iphoneos/NSString-HYPRelationshipParser",
					"$(PROJECT_DIR)/build/Debug-iphoneos/NSString-HYPWordExtractor",
					"$(PROJECT_DIR)/build/Debug-iphoneos/NSString-ZENInflections",
					"$(PROJECT_DIR)/build/Debug-iphoneos/NVActivityIndicatorView",
					"$(PROJECT_DIR)/build/Debug-iphoneos",
					"$(PROJECT_DIR)/build/Debug-iphoneos/SwiftyJSON",
					"$(PROJECT_DIR)/build/Debug-iphoneos/UIViewController-HYPKeyboardToolbar",
				);
				INFOPLIST_FILE = Root/Info.plist;
				LD_RUNPATH_SEARCH_PATHS = "$(inherited) @executable_path/Frameworks";
				PRODUCT_BUNDLE_IDENTIFIER = therootproject.Root;
				PRODUCT_NAME = "$(TARGET_NAME)";
				SWIFT_VERSION = 3.0;
			};
			name = Debug;
		};
		5651B2862077FFA4005D1CB1 /* Release */ = {
			isa = XCBuildConfiguration;
			baseConfigurationReference = E9C31ED20A3C86D888018EB4 /* Pods-Root.release.xcconfig */;
			buildSettings = {
				ASSETCATALOG_COMPILER_APPICON_NAME = AppIcon;
				DEVELOPMENT_TEAM = 4ZZP22A3W8;
				FRAMEWORK_SEARCH_PATHS = (
					"$(inherited)",
					"$(PROJECT_DIR)/build/Debug-iphoneos/ChameleonFramework",
					"$(PROJECT_DIR)/build/Debug-iphoneos/ClusterKit",
					"$(PROJECT_DIR)/build/Debug-iphoneos/Form",
					"$(PROJECT_DIR)/build/Debug-iphoneos/HYP8601",
					"$(PROJECT_DIR)/build/Debug-iphoneos/HYPMathParser",
					"$(PROJECT_DIR)/build/Debug-iphoneos/HYPNorwegianAccountNumber",
					"$(PROJECT_DIR)/build/Debug-iphoneos/HYPNorwegianSSN",
					"$(PROJECT_DIR)/build/Debug-iphoneos/IBAnimatable",
					"$(PROJECT_DIR)/build/Debug-iphoneos/LNRSimpleNotifications",
					"$(PROJECT_DIR)/build/Debug-iphoneos/NSDictionary-ANDYSafeValue",
					"$(PROJECT_DIR)/build/Debug-iphoneos/NSDictionary-HYPNestedAttributes",
					"$(PROJECT_DIR)/build/Debug-iphoneos/NSJSONSerialization-ANDYJSONFile",
					"$(PROJECT_DIR)/build/Debug-iphoneos/NSObject-HYPTesting",
					"$(PROJECT_DIR)/build/Debug-iphoneos/NSString-HYPContainsString",
					"$(PROJECT_DIR)/build/Debug-iphoneos/NSString-HYPFormula",
					"$(PROJECT_DIR)/build/Debug-iphoneos/NSString-HYPRelationshipParser",
					"$(PROJECT_DIR)/build/Debug-iphoneos/NSString-HYPWordExtractor",
					"$(PROJECT_DIR)/build/Debug-iphoneos/NSString-ZENInflections",
					"$(PROJECT_DIR)/build/Debug-iphoneos/NVActivityIndicatorView",
					"$(PROJECT_DIR)/build/Debug-iphoneos",
					"$(PROJECT_DIR)/build/Debug-iphoneos/SwiftyJSON",
					"$(PROJECT_DIR)/build/Debug-iphoneos/UIViewController-HYPKeyboardToolbar",
				);
				INFOPLIST_FILE = Root/Info.plist;
				LD_RUNPATH_SEARCH_PATHS = "$(inherited) @executable_path/Frameworks";
				PRODUCT_BUNDLE_IDENTIFIER = therootproject.Root;
				PRODUCT_NAME = "$(TARGET_NAME)";
				SWIFT_VERSION = 3.0;
			};
			name = Release;
		};
		5651B2882077FFA4005D1CB1 /* Debug */ = {
			isa = XCBuildConfiguration;
			buildSettings = {
				ALWAYS_EMBED_SWIFT_STANDARD_LIBRARIES = YES;
				BUNDLE_LOADER = "$(TEST_HOST)";
				DEVELOPMENT_TEAM = 4ZZP22A3W8;
				INFOPLIST_FILE = RootTests/Info.plist;
				LD_RUNPATH_SEARCH_PATHS = "$(inherited) @executable_path/Frameworks @loader_path/Frameworks";
				PRODUCT_BUNDLE_IDENTIFIER = therootproject.RootTests;
				PRODUCT_NAME = "$(TARGET_NAME)";
				SWIFT_VERSION = 3.0;
				TEST_HOST = "$(BUILT_PRODUCTS_DIR)/Root.app/Root";
			};
			name = Debug;
		};
		5651B2892077FFA4005D1CB1 /* Release */ = {
			isa = XCBuildConfiguration;
			buildSettings = {
				ALWAYS_EMBED_SWIFT_STANDARD_LIBRARIES = YES;
				BUNDLE_LOADER = "$(TEST_HOST)";
				DEVELOPMENT_TEAM = 4ZZP22A3W8;
				INFOPLIST_FILE = RootTests/Info.plist;
				LD_RUNPATH_SEARCH_PATHS = "$(inherited) @executable_path/Frameworks @loader_path/Frameworks";
				PRODUCT_BUNDLE_IDENTIFIER = therootproject.RootTests;
				PRODUCT_NAME = "$(TARGET_NAME)";
				SWIFT_VERSION = 3.0;
				TEST_HOST = "$(BUILT_PRODUCTS_DIR)/Root.app/Root";
			};
			name = Release;
		};
		5651B28B2077FFA4005D1CB1 /* Debug */ = {
			isa = XCBuildConfiguration;
			buildSettings = {
				ALWAYS_EMBED_SWIFT_STANDARD_LIBRARIES = YES;
				DEVELOPMENT_TEAM = 4ZZP22A3W8;
				INFOPLIST_FILE = RootUITests/Info.plist;
				LD_RUNPATH_SEARCH_PATHS = "$(inherited) @executable_path/Frameworks @loader_path/Frameworks";
				PRODUCT_BUNDLE_IDENTIFIER = therootproject.RootUITests;
				PRODUCT_NAME = "$(TARGET_NAME)";
				SWIFT_VERSION = 3.0;
				TEST_TARGET_NAME = Root;
			};
			name = Debug;
		};
		5651B28C2077FFA4005D1CB1 /* Release */ = {
			isa = XCBuildConfiguration;
			buildSettings = {
				ALWAYS_EMBED_SWIFT_STANDARD_LIBRARIES = YES;
				DEVELOPMENT_TEAM = 4ZZP22A3W8;
				INFOPLIST_FILE = RootUITests/Info.plist;
				LD_RUNPATH_SEARCH_PATHS = "$(inherited) @executable_path/Frameworks @loader_path/Frameworks";
				PRODUCT_BUNDLE_IDENTIFIER = therootproject.RootUITests;
				PRODUCT_NAME = "$(TARGET_NAME)";
				SWIFT_VERSION = 3.0;
				TEST_TARGET_NAME = Root;
			};
			name = Release;
		};
/* End XCBuildConfiguration section */

/* Begin XCConfigurationList section */
		5651B2572077FFA2005D1CB1 /* Build configuration list for PBXProject "Root" */ = {
			isa = XCConfigurationList;
			buildConfigurations = (
				5651B2822077FFA4005D1CB1 /* Debug */,
				5651B2832077FFA4005D1CB1 /* Release */,
			);
			defaultConfigurationIsVisible = 0;
			defaultConfigurationName = Release;
		};
		5651B2842077FFA4005D1CB1 /* Build configuration list for PBXNativeTarget "Root" */ = {
			isa = XCConfigurationList;
			buildConfigurations = (
				5651B2852077FFA4005D1CB1 /* Debug */,
				5651B2862077FFA4005D1CB1 /* Release */,
			);
			defaultConfigurationIsVisible = 0;
			defaultConfigurationName = Release;
		};
		5651B2872077FFA4005D1CB1 /* Build configuration list for PBXNativeTarget "RootTests" */ = {
			isa = XCConfigurationList;
			buildConfigurations = (
				5651B2882077FFA4005D1CB1 /* Debug */,
				5651B2892077FFA4005D1CB1 /* Release */,
			);
			defaultConfigurationIsVisible = 0;
			defaultConfigurationName = Release;
		};
		5651B28A2077FFA4005D1CB1 /* Build configuration list for PBXNativeTarget "RootUITests" */ = {
			isa = XCConfigurationList;
			buildConfigurations = (
				5651B28B2077FFA4005D1CB1 /* Debug */,
				5651B28C2077FFA4005D1CB1 /* Release */,
			);
			defaultConfigurationIsVisible = 0;
			defaultConfigurationName = Release;
		};
/* End XCConfigurationList section */
	};
	rootObject = 5651B2542077FFA2005D1CB1 /* Project object */;
}
